
Microsoft Visual Studio Solution File, Format Version 12.00
# Visual Studio Version 17
VisualStudioVersion = 17.7.34221.43
MinimumVisualStudioVersion = 10.0.40219.1
Project("{9A19103F-16F7-4668-BE54-9A1E7A4F7556}") = "Task1", "Task1\Task1.csproj", "{447397E1-1A22-4AF6-9D6B-6F4943772BFD}"
EndProject
Project("{9A19103F-16F7-4668-BE54-9A1E7A4F7556}") = "Task2", "Task2\Task2.csproj", "{E04BBB36-1EE0-436C-90E6-4A6B094EDCE2}"
EndProject
Project("{FAE04EC0-301F-11D3-BF4B-00C04F79EFBC}") = "Task3", "Task3\Task3.csproj", "{FFF696DE-387E-4BB7-8CFB-3A1AF9C5929C}"
EndProject
Global
	GlobalSection(SolutionConfigurationPlatforms) = preSolution
		Debug|Any CPU = Debug|Any CPU
		Release|Any CPU = Release|Any CPU
	EndGlobalSection
	GlobalSection(ProjectConfigurationPlatforms) = postSolution
		{447397E1-1A22-4AF6-9D6B-6F4943772BFD}.Debug|Any CPU.ActiveCfg = Debug|Any CPU
		{447397E1-1A22-4AF6-9D6B-6F4943772BFD}.Debug|Any CPU.Build.0 = Debug|Any CPU
		{447397E1-1A22-4AF6-9D6B-6F4943772BFD}.Release|Any CPU.ActiveCfg = Release|Any CPU
		{447397E1-1A22-4AF6-9D6B-6F4943772BFD}.Release|Any CPU.Build.0 = Release|Any CPU
		{E04BBB36-1EE0-436C-90E6-4A6B094EDCE2}.Debug|Any CPU.ActiveCfg = Debug|Any CPU
		{E04BBB36-1EE0-436C-90E6-4A6B094EDCE2}.Debug|Any CPU.Build.0 = Debug|Any CPU
		{E04BBB36-1EE0-436C-90E6-4A6B094EDCE2}.Release|Any CPU.ActiveCfg = Release|Any CPU
		{E04BBB36-1EE0-436C-90E6-4A6B094EDCE2}.Release|Any CPU.Build.0 = Release|Any CPU
		{FFF696DE-387E-4BB7-8CFB-3A1AF9C5929C}.Debug|Any CPU.ActiveCfg = Debug|Any CPU
		{FFF696DE-387E-4BB7-8CFB-3A1AF9C5929C}.Debug|Any CPU.Build.0 = Debug|Any CPU
		{FFF696DE-387E-4BB7-8CFB-3A1AF9C5929C}.Release|Any CPU.ActiveCfg = Release|Any CPU
		{FFF696DE-387E-4BB7-8CFB-3A1AF9C5929C}.Release|Any CPU.Build.0 = Release|Any CPU
	EndGlobalSection
	GlobalSection(SolutionProperties) = preSolution
		HideSolutionNode = FALSE
	EndGlobalSection
	GlobalSection(ExtensibilityGlobals) = postSolution
		SolutionGuid = {A2388B2C-26F1-4B96-AD31-971971AFA641}
	EndGlobalSection
EndGlobal
